
Microsoft Visual Studio Solution File, Format Version 12.00
# Visual Studio Version 16
VisualStudioVersion = 16.0.32413.511
MinimumVisualStudioVersion = 10.0.40219.1
Project("{FAE04EC0-301F-11D3-BF4B-00C04F79EFBC}") = "OpenWeatherAppAPI", "OpenWeatherAppAPI.csproj", "{C66E718A-EC47-41D3-AC39-91D8406117DC}"
EndProject
Global
	GlobalSection(SolutionConfigurationPlatforms) = preSolution
		Debug|Any CPU = Debug|Any CPU
		Release|Any CPU = Release|Any CPU
	EndGlobalSection
	GlobalSection(ProjectConfigurationPlatforms) = postSolution
		{C66E718A-EC47-41D3-AC39-91D8406117DC}.Debug|Any CPU.ActiveCfg = Debug|Any CPU
		{C66E718A-EC47-41D3-AC39-91D8406117DC}.Debug|Any CPU.Build.0 = Debug|Any CPU
		{C66E718A-EC47-41D3-AC39-91D8406117DC}.Release|Any CPU.ActiveCfg = Release|Any CPU
		{C66E718A-EC47-41D3-AC39-91D8406117DC}.Release|Any CPU.Build.0 = Release|Any CPU
	EndGlobalSection
	GlobalSection(SolutionProperties) = preSolution
		HideSolutionNode = FALSE
	EndGlobalSection
	GlobalSection(ExtensibilityGlobals) = postSolution
		SolutionGuid = {75834B8A-EDCB-475E-95A9-CEC34817F84E}
	EndGlobalSection
EndGlobal
